{
  "version": 4,
  "terraform_version": "1.8.5",
  "serial": 13,
  "lineage": "0f43c92f-89d3-ffa0-90b8-62a50a421672",
  "outputs": {},
  "resources": [
    {
      "mode": "managed",
      "type": "local_file",
      "name": "example",
      "provider": "provider[\"registry.terraform.io/hashicorp/local\"]",
      "instances": [
        {
          "schema_version": 0,
          "attributes": {
            "content": "Test",
            "content_base64": null,
            "content_base64sha256": "Uy6qvZV0iA2/drm4zACDLCCm7BE9aCKZVQ16bg80XiU=",
            "content_base64sha512": "xu6eM89cZxWh0Uj9c/cxiIS0Gty5FgIeK8DoAKXF3Zf1FCF49q6IyP3Zjhr7DOTI0sVLXzezC32hmXuzOwuKMQ==",
            "content_md5": "0cbc6611f5540bd0809a388dc95a615b",
            "content_sha1": "640ab2bae07bedc4c163f679a746f7ab7fb5d1fa",
            "content_sha256": "532eaabd9574880dbf76b9b8cc00832c20a6ec113d682299550d7a6e0f345e25",
            "content_sha512": "c6ee9e33cf5c6715a1d148fd73f7318884b41adcb916021e2bc0e800a5c5dd97f5142178f6ae88c8fdd98e1afb0ce4c8d2c54b5f37b30b7da1997bb33b0b8a31",
            "directory_permission": "0777",
            "file_permission": "0777",
            "filename": "example.txt",
            "id": "640ab2bae07bedc4c163f679a746f7ab7fb5d1fa",
            "sensitive_content": null,
            "source": null
          },
          "sensitive_attributes": [
            [
              {
                "type": "get_attr",
                "value": "sensitive_content"
              }
            ]
          ]
        }
      ]
    }
  ],
  "check_results": null
}
